
Microsoft Visual Studio Solution File, Format Version 12.00
# Visual Studio 15
Project("{FAE04EC0-301F-11D3-BF4B-00C04F79EFBC}") = "check_to_travel_xamarin_forms.Android", "check_to_travel_xamarin_forms.Android\check_to_travel_xamarin_forms.Android.csproj", "{489D4483-04D5-40A3-95D5-2F918CC7E7F2}"
EndProject
Project("{FAE04EC0-301F-11D3-BF4B-00C04F79EFBC}") = "check_to_travel_xamarin_forms.iOS", "check_to_travel_xamarin_forms.iOS\check_to_travel_xamarin_forms.iOS.csproj", "{B9FDE313-3E64-4672-A06C-5328E8D20BF2}"
EndProject
Project("{FAE04EC0-301F-11D3-BF4B-00C04F79EFBC}") = "check_to_travel_xamarin_forms", "check_to_travel_xamarin_forms\check_to_travel_xamarin_forms.csproj", "{269EC485-F723-4F87-9A1C-21E8B19691A7}"
EndProject
Global
	GlobalSection(SolutionConfigurationPlatforms) = preSolution
		Debug|Any CPU = Debug|Any CPU
		Release|Any CPU = Release|Any CPU
		Debug|iPhoneSimulator = Debug|iPhoneSimulator
		Release|iPhoneSimulator = Release|iPhoneSimulator
		Debug|iPhone = Debug|iPhone
		Release|iPhone = Release|iPhone
	EndGlobalSection
	GlobalSection(ProjectConfigurationPlatforms) = postSolution
		{489D4483-04D5-40A3-95D5-2F918CC7E7F2}.Debug|Any CPU.ActiveCfg = Debug|Any CPU
		{489D4483-04D5-40A3-95D5-2F918CC7E7F2}.Debug|Any CPU.Build.0 = Debug|Any CPU
		{489D4483-04D5-40A3-95D5-2F918CC7E7F2}.Release|Any CPU.ActiveCfg = Release|Any CPU
		{489D4483-04D5-40A3-95D5-2F918CC7E7F2}.Release|Any CPU.Build.0 = Release|Any CPU
		{489D4483-04D5-40A3-95D5-2F918CC7E7F2}.Debug|iPhoneSimulator.ActiveCfg = Debug|Any CPU
		{489D4483-04D5-40A3-95D5-2F918CC7E7F2}.Debug|iPhoneSimulator.Build.0 = Debug|Any CPU
		{489D4483-04D5-40A3-95D5-2F918CC7E7F2}.Release|iPhoneSimulator.ActiveCfg = Release|Any CPU
		{489D4483-04D5-40A3-95D5-2F918CC7E7F2}.Release|iPhoneSimulator.Build.0 = Release|Any CPU
		{489D4483-04D5-40A3-95D5-2F918CC7E7F2}.Debug|iPhone.ActiveCfg = Debug|Any CPU
		{489D4483-04D5-40A3-95D5-2F918CC7E7F2}.Debug|iPhone.Build.0 = Debug|Any CPU
		{489D4483-04D5-40A3-95D5-2F918CC7E7F2}.Release|iPhone.ActiveCfg = Release|Any CPU
		{489D4483-04D5-40A3-95D5-2F918CC7E7F2}.Release|iPhone.Build.0 = Release|Any CPU
		{B9FDE313-3E64-4672-A06C-5328E8D20BF2}.Debug|Any CPU.ActiveCfg = Debug|iPhoneSimulator
		{B9FDE313-3E64-4672-A06C-5328E8D20BF2}.Debug|Any CPU.Build.0 = Debug|iPhoneSimulator
		{B9FDE313-3E64-4672-A06C-5328E8D20BF2}.Release|Any CPU.ActiveCfg = Release|iPhoneSimulator
		{B9FDE313-3E64-4672-A06C-5328E8D20BF2}.Release|Any CPU.Build.0 = Release|iPhoneSimulator
		{B9FDE313-3E64-4672-A06C-5328E8D20BF2}.Debug|iPhoneSimulator.ActiveCfg = Debug|iPhoneSimulator
		{B9FDE313-3E64-4672-A06C-5328E8D20BF2}.Debug|iPhoneSimulator.Build.0 = Debug|iPhoneSimulator
		{B9FDE313-3E64-4672-A06C-5328E8D20BF2}.Release|iPhoneSimulator.ActiveCfg = Release|iPhoneSimulator
		{B9FDE313-3E64-4672-A06C-5328E8D20BF2}.Release|iPhoneSimulator.Build.0 = Release|iPhoneSimulator
		{B9FDE313-3E64-4672-A06C-5328E8D20BF2}.Debug|iPhone.ActiveCfg = Debug|iPhone
		{B9FDE313-3E64-4672-A06C-5328E8D20BF2}.Debug|iPhone.Build.0 = Debug|iPhone
		{B9FDE313-3E64-4672-A06C-5328E8D20BF2}.Release|iPhone.ActiveCfg = Release|iPhone
		{B9FDE313-3E64-4672-A06C-5328E8D20BF2}.Release|iPhone.Build.0 = Release|iPhone
		{269EC485-F723-4F87-9A1C-21E8B19691A7}.Debug|Any CPU.ActiveCfg = Debug|Any CPU
		{269EC485-F723-4F87-9A1C-21E8B19691A7}.Debug|Any CPU.Build.0 = Debug|Any CPU
		{269EC485-F723-4F87-9A1C-21E8B19691A7}.Release|Any CPU.ActiveCfg = Release|Any CPU
		{269EC485-F723-4F87-9A1C-21E8B19691A7}.Release|Any CPU.Build.0 = Release|Any CPU
		{269EC485-F723-4F87-9A1C-21E8B19691A7}.Debug|iPhoneSimulator.ActiveCfg = Debug|Any CPU
		{269EC485-F723-4F87-9A1C-21E8B19691A7}.Debug|iPhoneSimulator.Build.0 = Debug|Any CPU
		{269EC485-F723-4F87-9A1C-21E8B19691A7}.Release|iPhoneSimulator.ActiveCfg = Release|Any CPU
		{269EC485-F723-4F87-9A1C-21E8B19691A7}.Release|iPhoneSimulator.Build.0 = Release|Any CPU
		{269EC485-F723-4F87-9A1C-21E8B19691A7}.Debug|iPhone.ActiveCfg = Debug|Any CPU
		{269EC485-F723-4F87-9A1C-21E8B19691A7}.Debug|iPhone.Build.0 = Debug|Any CPU
		{269EC485-F723-4F87-9A1C-21E8B19691A7}.Release|iPhone.ActiveCfg = Release|Any CPU
		{269EC485-F723-4F87-9A1C-21E8B19691A7}.Release|iPhone.Build.0 = Release|Any CPU
	EndGlobalSection
EndGlobal
